// !$*UTF8*$!
{
	archiveVersion = 1;
	classes = {
	};
	objectVersion = 56;
	objects = {

/* Begin PBXBuildFile section */
		672805C42BE19C4900768857 /* UserDBRepositoryTest.swift in Sources */ = {isa = PBXBuildFile; fileRef = 672805C32BE19C4900768857 /* UserDBRepositoryTest.swift */; };
		6735D0D32BD8AE04003755A8 /* ChatApp_SwiftUIApp.swift in Sources */ = {isa = PBXBuildFile; fileRef = 6735D0D22BD8AE04003755A8 /* ChatApp_SwiftUIApp.swift */; };
		6735D0D52BD8AE04003755A8 /* ContentView.swift in Sources */ = {isa = PBXBuildFile; fileRef = 6735D0D42BD8AE04003755A8 /* ContentView.swift */; };
		6735D0D72BD8AE06003755A8 /* Assets.xcassets in Resources */ = {isa = PBXBuildFile; fileRef = 6735D0D62BD8AE06003755A8 /* Assets.xcassets */; };
		6735D0DA2BD8AE06003755A8 /* Preview Assets.xcassets in Resources */ = {isa = PBXBuildFile; fileRef = 6735D0D92BD8AE06003755A8 /* Preview Assets.xcassets */; };
		6735D0E42BD8AE06003755A8 /* ChatApp_SwiftUITests.swift in Sources */ = {isa = PBXBuildFile; fileRef = 6735D0E32BD8AE06003755A8 /* ChatApp_SwiftUITests.swift */; };
		6735D0EE2BD8AE06003755A8 /* ChatApp_SwiftUIUITests.swift in Sources */ = {isa = PBXBuildFile; fileRef = 6735D0ED2BD8AE06003755A8 /* ChatApp_SwiftUIUITests.swift */; };
		6735D0F02BD8AE06003755A8 /* ChatApp_SwiftUIUITestsLaunchTests.swift in Sources */ = {isa = PBXBuildFile; fileRef = 6735D0EF2BD8AE06003755A8 /* ChatApp_SwiftUIUITestsLaunchTests.swift */; };
		6735D0FE2BD8AE8D003755A8 /* Colors.xcassets in Resources */ = {isa = PBXBuildFile; fileRef = 6735D0FD2BD8AE8D003755A8 /* Colors.xcassets */; };
		6735D1082BD8B962003755A8 /* FirebaseAuth in Frameworks */ = {isa = PBXBuildFile; productRef = 6735D1072BD8B962003755A8 /* FirebaseAuth */; };
		6735D10C2BD8B9DD003755A8 /* AppDelegate.swift in Sources */ = {isa = PBXBuildFile; fileRef = 6735D10B2BD8B9DD003755A8 /* AppDelegate.swift */; };
		6735D1122BD975F9003755A8 /* AuthenticationView.swift in Sources */ = {isa = PBXBuildFile; fileRef = 6735D1112BD975F9003755A8 /* AuthenticationView.swift */; };
		6735D1142BD97619003755A8 /* AuthenticationViewModel.swift in Sources */ = {isa = PBXBuildFile; fileRef = 6735D1132BD97619003755A8 /* AuthenticationViewModel.swift */; };
		6735D1172BD97907003755A8 /* DiContainer.swift in Sources */ = {isa = PBXBuildFile; fileRef = 6735D1162BD97907003755A8 /* DiContainer.swift */; };
		6735D11B2BD97CDF003755A8 /* Services.swift in Sources */ = {isa = PBXBuildFile; fileRef = 6735D11A2BD97CDF003755A8 /* Services.swift */; };
		6735D11D2BD97E91003755A8 /* AuthenticationService.swift in Sources */ = {isa = PBXBuildFile; fileRef = 6735D11C2BD97E91003755A8 /* AuthenticationService.swift */; };
		6735D1222BD982AF003755A8 /* LoginFirstView.swift in Sources */ = {isa = PBXBuildFile; fileRef = 6735D1212BD982AF003755A8 /* LoginFirstView.swift */; };
		6735D1242BD982BA003755A8 /* MainTabView.swift in Sources */ = {isa = PBXBuildFile; fileRef = 6735D1232BD982BA003755A8 /* MainTabView.swift */; };
		6735D1262BD9874A003755A8 /* ButtonStyle.swift in Sources */ = {isa = PBXBuildFile; fileRef = 6735D1252BD9874A003755A8 /* ButtonStyle.swift */; };
		6735D1282BD9882E003755A8 /* LoginView.swift in Sources */ = {isa = PBXBuildFile; fileRef = 6735D1272BD9882E003755A8 /* LoginView.swift */; };
		6735D12B2BD9961D003755A8 /* GoogleSignIn in Frameworks */ = {isa = PBXBuildFile; productRef = 6735D12A2BD9961D003755A8 /* GoogleSignIn */; };
		6735D12D2BD9961D003755A8 /* GoogleSignInSwift in Frameworks */ = {isa = PBXBuildFile; productRef = 6735D12C2BD9961D003755A8 /* GoogleSignInSwift */; };
		6735D1302BD9B5B9003755A8 /* User.swift in Sources */ = {isa = PBXBuildFile; fileRef = 6735D12F2BD9B5B9003755A8 /* User.swift */; };
		6735D1322BD9B6AD003755A8 /* ServiceError.swift in Sources */ = {isa = PBXBuildFile; fileRef = 6735D1312BD9B6AD003755A8 /* ServiceError.swift */; };
		6735D1FB2BDB4864003755A8 /* MainTabType.swift in Sources */ = {isa = PBXBuildFile; fileRef = 6735D1FA2BDB4864003755A8 /* MainTabType.swift */; };
		6735D2002BDB4B7B003755A8 /* HomeViewModel.swift in Sources */ = {isa = PBXBuildFile; fileRef = 6735D1FF2BDB4B7B003755A8 /* HomeViewModel.swift */; };
		6735D2022BDB4B9A003755A8 /* HomeView.swift in Sources */ = {isa = PBXBuildFile; fileRef = 6735D2012BDB4B9A003755A8 /* HomeView.swift */; };
		6735D2042BDB4BB5003755A8 /* MessageViewModel.swift in Sources */ = {isa = PBXBuildFile; fileRef = 6735D2032BDB4BB5003755A8 /* MessageViewModel.swift */; };
		6735D2062BDB4BC1003755A8 /* MessageView.swift in Sources */ = {isa = PBXBuildFile; fileRef = 6735D2052BDB4BC1003755A8 /* MessageView.swift */; };
		6735D2082BDB4BE1003755A8 /* CallView.swift in Sources */ = {isa = PBXBuildFile; fileRef = 6735D2072BDB4BE1003755A8 /* CallView.swift */; };
		67DBB4002BE02573002B2D62 /* GoogleService-Info.plist in Resources */ = {isa = PBXBuildFile; fileRef = 67DBB3FF2BE02573002B2D62 /* GoogleService-Info.plist */; };
		67DBB4032BE02732002B2D62 /* Phase.swift in Sources */ = {isa = PBXBuildFile; fileRef = 67DBB4022BE02732002B2D62 /* Phase.swift */; };
		67DBB4052BE02774002B2D62 /* UserService.swift in Sources */ = {isa = PBXBuildFile; fileRef = 67DBB4042BE02774002B2D62 /* UserService.swift */; };
		67DBB4082BE02879002B2D62 /* UserDBRepository.swift in Sources */ = {isa = PBXBuildFile; fileRef = 67DBB4072BE02879002B2D62 /* UserDBRepository.swift */; };
		67DBB40A2BE028BC002B2D62 /* DBRepository.swift in Sources */ = {isa = PBXBuildFile; fileRef = 67DBB4092BE028BC002B2D62 /* DBRepository.swift */; };
		67DBB40C2BE028DB002B2D62 /* FirebaseDatabase in Frameworks */ = {isa = PBXBuildFile; productRef = 67DBB40B2BE028DB002B2D62 /* FirebaseDatabase */; };
		67DBB40F2BE02A06002B2D62 /* DBError.swift in Sources */ = {isa = PBXBuildFile; fileRef = 67DBB40E2BE02A06002B2D62 /* DBError.swift */; };
		67DBB4142BE02A5E002B2D62 /* MyProfileView.swift in Sources */ = {isa = PBXBuildFile; fileRef = 67DBB4132BE02A5E002B2D62 /* MyProfileView.swift */; };
		67DBB4162BE02A89002B2D62 /* OtherProfileView.swift in Sources */ = {isa = PBXBuildFile; fileRef = 67DBB4152BE02A89002B2D62 /* OtherProfileView.swift */; };
		67DBB4192BE02AB9002B2D62 /* SettingView.swift in Sources */ = {isa = PBXBuildFile; fileRef = 67DBB4182BE02AB9002B2D62 /* SettingView.swift */; };
		67DBB41B2BE02B24002B2D62 /* HomeViewDestination.swift in Sources */ = {isa = PBXBuildFile; fileRef = 67DBB41A2BE02B24002B2D62 /* HomeViewDestination.swift */; };
		67DBB41E2BE02C04002B2D62 /* PlaceholderView.swift in Sources */ = {isa = PBXBuildFile; fileRef = 67DBB41D2BE02C04002B2D62 /* PlaceholderView.swift */; };
		67DBB4202BE02C25002B2D62 /* LoadingView.swift in Sources */ = {isa = PBXBuildFile; fileRef = 67DBB41F2BE02C25002B2D62 /* LoadingView.swift */; };
		67DBB4222BE02C44002B2D62 /* ErrorView.swift in Sources */ = {isa = PBXBuildFile; fileRef = 67DBB4212BE02C44002B2D62 /* ErrorView.swift */; };
		67DBB4242BE02C60002B2D62 /* SearchButton.swift in Sources */ = {isa = PBXBuildFile; fileRef = 67DBB4232BE02C60002B2D62 /* SearchButton.swift */; };
		67DBB4272BE02DD2002B2D62 /* UserObject.swift in Sources */ = {isa = PBXBuildFile; fileRef = 67DBB4262BE02DD2002B2D62 /* UserObject.swift */; };
		67DBB4292BE02E06002B2D62 /* Constant.swift in Sources */ = {isa = PBXBuildFile; fileRef = 67DBB4282BE02E06002B2D62 /* Constant.swift */; };
		67DBB42B2BE0996C002B2D62 /* ContactService.swift in Sources */ = {isa = PBXBuildFile; fileRef = 67DBB42A2BE0996C002B2D62 /* ContactService.swift */; };
/* End PBXBuildFile section */

/* Begin PBXContainerItemProxy section */
		6735D0E02BD8AE06003755A8 /* PBXContainerItemProxy */ = {
			isa = PBXContainerItemProxy;
			containerPortal = 6735D0C72BD8AE04003755A8 /* Project object */;
			proxyType = 1;
			remoteGlobalIDString = 6735D0CE2BD8AE04003755A8;
			remoteInfo = ChatApp_SwiftUI;
		};
		6735D0EA2BD8AE06003755A8 /* PBXContainerItemProxy */ = {
			isa = PBXContainerItemProxy;
			containerPortal = 6735D0C72BD8AE04003755A8 /* Project object */;
			proxyType = 1;
			remoteGlobalIDString = 6735D0CE2BD8AE04003755A8;
			remoteInfo = ChatApp_SwiftUI;
		};
/* End PBXContainerItemProxy section */

/* Begin PBXFileReference section */
		672805C32BE19C4900768857 /* UserDBRepositoryTest.swift */ = {isa = PBXFileReference; lastKnownFileType = sourcecode.swift; path = UserDBRepositoryTest.swift; sourceTree = "<group>"; };
		6735D0CF2BD8AE04003755A8 /* ChatApp_SwiftUI.app */ = {isa = PBXFileReference; explicitFileType = wrapper.application; includeInIndex = 0; path = ChatApp_SwiftUI.app; sourceTree = BUILT_PRODUCTS_DIR; };
		6735D0D22BD8AE04003755A8 /* ChatApp_SwiftUIApp.swift */ = {isa = PBXFileReference; lastKnownFileType = sourcecode.swift; path = ChatApp_SwiftUIApp.swift; sourceTree = "<group>"; };
		6735D0D42BD8AE04003755A8 /* ContentView.swift */ = {isa = PBXFileReference; lastKnownFileType = sourcecode.swift; path = ContentView.swift; sourceTree = "<group>"; };
		6735D0D62BD8AE06003755A8 /* Assets.xcassets */ = {isa = PBXFileReference; lastKnownFileType = folder.assetcatalog; path = Assets.xcassets; sourceTree = "<group>"; };
		6735D0D92BD8AE06003755A8 /* Preview Assets.xcassets */ = {isa = PBXFileReference; lastKnownFileType = folder.assetcatalog; path = "Preview Assets.xcassets"; sourceTree = "<group>"; };
		6735D0DF2BD8AE06003755A8 /* ChatApp_SwiftUITests.xctest */ = {isa = PBXFileReference; explicitFileType = wrapper.cfbundle; includeInIndex = 0; path = ChatApp_SwiftUITests.xctest; sourceTree = BUILT_PRODUCTS_DIR; };
		6735D0E32BD8AE06003755A8 /* ChatApp_SwiftUITests.swift */ = {isa = PBXFileReference; lastKnownFileType = sourcecode.swift; path = ChatApp_SwiftUITests.swift; sourceTree = "<group>"; };
		6735D0E92BD8AE06003755A8 /* ChatApp_SwiftUIUITests.xctest */ = {isa = PBXFileReference; explicitFileType = wrapper.cfbundle; includeInIndex = 0; path = ChatApp_SwiftUIUITests.xctest; sourceTree = BUILT_PRODUCTS_DIR; };
		6735D0ED2BD8AE06003755A8 /* ChatApp_SwiftUIUITests.swift */ = {isa = PBXFileReference; lastKnownFileType = sourcecode.swift; path = ChatApp_SwiftUIUITests.swift; sourceTree = "<group>"; };
		6735D0EF2BD8AE06003755A8 /* ChatApp_SwiftUIUITestsLaunchTests.swift */ = {isa = PBXFileReference; lastKnownFileType = sourcecode.swift; path = ChatApp_SwiftUIUITestsLaunchTests.swift; sourceTree = "<group>"; };
		6735D0FD2BD8AE8D003755A8 /* Colors.xcassets */ = {isa = PBXFileReference; lastKnownFileType = folder.assetcatalog; path = Colors.xcassets; sourceTree = "<group>"; };
		6735D10B2BD8B9DD003755A8 /* AppDelegate.swift */ = {isa = PBXFileReference; lastKnownFileType = sourcecode.swift; path = AppDelegate.swift; sourceTree = "<group>"; };
		6735D1112BD975F9003755A8 /* AuthenticationView.swift */ = {isa = PBXFileReference; lastKnownFileType = sourcecode.swift; path = AuthenticationView.swift; sourceTree = "<group>"; };
		6735D1132BD97619003755A8 /* AuthenticationViewModel.swift */ = {isa = PBXFileReference; lastKnownFileType = sourcecode.swift; path = AuthenticationViewModel.swift; sourceTree = "<group>"; };
		6735D1162BD97907003755A8 /* DiContainer.swift */ = {isa = PBXFileReference; lastKnownFileType = sourcecode.swift; path = DiContainer.swift; sourceTree = "<group>"; };
		6735D1182BD97C40003755A8 /* ChatApp-SwiftUI-Info.plist */ = {isa = PBXFileReference; lastKnownFileType = text.plist; path = "ChatApp-SwiftUI-Info.plist"; sourceTree = SOURCE_ROOT; };
		6735D11A2BD97CDF003755A8 /* Services.swift */ = {isa = PBXFileReference; lastKnownFileType = sourcecode.swift; path = Services.swift; sourceTree = "<group>"; };
		6735D11C2BD97E91003755A8 /* AuthenticationService.swift */ = {isa = PBXFileReference; lastKnownFileType = sourcecode.swift; path = AuthenticationService.swift; sourceTree = "<group>"; };
		6735D1212BD982AF003755A8 /* LoginFirstView.swift */ = {isa = PBXFileReference; lastKnownFileType = sourcecode.swift; path = LoginFirstView.swift; sourceTree = "<group>"; };
		6735D1232BD982BA003755A8 /* MainTabView.swift */ = {isa = PBXFileReference; lastKnownFileType = sourcecode.swift; path = MainTabView.swift; sourceTree = "<group>"; };
		6735D1252BD9874A003755A8 /* ButtonStyle.swift */ = {isa = PBXFileReference; lastKnownFileType = sourcecode.swift; path = ButtonStyle.swift; sourceTree = "<group>"; };
		6735D1272BD9882E003755A8 /* LoginView.swift */ = {isa = PBXFileReference; lastKnownFileType = sourcecode.swift; path = LoginView.swift; sourceTree = "<group>"; };
		6735D12F2BD9B5B9003755A8 /* User.swift */ = {isa = PBXFileReference; lastKnownFileType = sourcecode.swift; path = User.swift; sourceTree = "<group>"; };
		6735D1312BD9B6AD003755A8 /* ServiceError.swift */ = {isa = PBXFileReference; lastKnownFileType = sourcecode.swift; path = ServiceError.swift; sourceTree = "<group>"; };
		6735D1FA2BDB4864003755A8 /* MainTabType.swift */ = {isa = PBXFileReference; lastKnownFileType = sourcecode.swift; path = MainTabType.swift; sourceTree = "<group>"; };
		6735D1FF2BDB4B7B003755A8 /* HomeViewModel.swift */ = {isa = PBXFileReference; lastKnownFileType = sourcecode.swift; path = HomeViewModel.swift; sourceTree = "<group>"; };
		6735D2012BDB4B9A003755A8 /* HomeView.swift */ = {isa = PBXFileReference; lastKnownFileType = sourcecode.swift; path = HomeView.swift; sourceTree = "<group>"; };
		6735D2032BDB4BB5003755A8 /* MessageViewModel.swift */ = {isa = PBXFileReference; lastKnownFileType = sourcecode.swift; path = MessageViewModel.swift; sourceTree = "<group>"; };
		6735D2052BDB4BC1003755A8 /* MessageView.swift */ = {isa = PBXFileReference; lastKnownFileType = sourcecode.swift; path = MessageView.swift; sourceTree = "<group>"; };
		6735D2072BDB4BE1003755A8 /* CallView.swift */ = {isa = PBXFileReference; lastKnownFileType = sourcecode.swift; path = CallView.swift; sourceTree = "<group>"; };
		67DBB3FF2BE02573002B2D62 /* GoogleService-Info.plist */ = {isa = PBXFileReference; fileEncoding = 4; lastKnownFileType = text.plist.xml; path = "GoogleService-Info.plist"; sourceTree = "<group>"; };
		67DBB4022BE02732002B2D62 /* Phase.swift */ = {isa = PBXFileReference; lastKnownFileType = sourcecode.swift; path = Phase.swift; sourceTree = "<group>"; };
		67DBB4042BE02774002B2D62 /* UserService.swift */ = {isa = PBXFileReference; lastKnownFileType = sourcecode.swift; path = UserService.swift; sourceTree = "<group>"; };
		67DBB4072BE02879002B2D62 /* UserDBRepository.swift */ = {isa = PBXFileReference; lastKnownFileType = sourcecode.swift; path = UserDBRepository.swift; sourceTree = "<group>"; };
		67DBB4092BE028BC002B2D62 /* DBRepository.swift */ = {isa = PBXFileReference; lastKnownFileType = sourcecode.swift; path = DBRepository.swift; sourceTree = "<group>"; };
		67DBB40E2BE02A06002B2D62 /* DBError.swift */ = {isa = PBXFileReference; lastKnownFileType = sourcecode.swift; path = DBError.swift; sourceTree = "<group>"; };
		67DBB4132BE02A5E002B2D62 /* MyProfileView.swift */ = {isa = PBXFileReference; lastKnownFileType = sourcecode.swift; path = MyProfileView.swift; sourceTree = "<group>"; };
		67DBB4152BE02A89002B2D62 /* OtherProfileView.swift */ = {isa = PBXFileReference; lastKnownFileType = sourcecode.swift; path = OtherProfileView.swift; sourceTree = "<group>"; };
		67DBB4182BE02AB9002B2D62 /* SettingView.swift */ = {isa = PBXFileReference; lastKnownFileType = sourcecode.swift; path = SettingView.swift; sourceTree = "<group>"; };
		67DBB41A2BE02B24002B2D62 /* HomeViewDestination.swift */ = {isa = PBXFileReference; lastKnownFileType = sourcecode.swift; path = HomeViewDestination.swift; sourceTree = "<group>"; };
		67DBB41D2BE02C04002B2D62 /* PlaceholderView.swift */ = {isa = PBXFileReference; lastKnownFileType = sourcecode.swift; path = PlaceholderView.swift; sourceTree = "<group>"; };
		67DBB41F2BE02C25002B2D62 /* LoadingView.swift */ = {isa = PBXFileReference; lastKnownFileType = sourcecode.swift; path = LoadingView.swift; sourceTree = "<group>"; };
		67DBB4212BE02C44002B2D62 /* ErrorView.swift */ = {isa = PBXFileReference; lastKnownFileType = sourcecode.swift; path = ErrorView.swift; sourceTree = "<group>"; };
		67DBB4232BE02C60002B2D62 /* SearchButton.swift */ = {isa = PBXFileReference; lastKnownFileType = sourcecode.swift; path = SearchButton.swift; sourceTree = "<group>"; };
		67DBB4262BE02DD2002B2D62 /* UserObject.swift */ = {isa = PBXFileReference; lastKnownFileType = sourcecode.swift; path = UserObject.swift; sourceTree = "<group>"; };
		67DBB4282BE02E06002B2D62 /* Constant.swift */ = {isa = PBXFileReference; lastKnownFileType = sourcecode.swift; path = Constant.swift; sourceTree = "<group>"; };
		67DBB42A2BE0996C002B2D62 /* ContactService.swift */ = {isa = PBXFileReference; lastKnownFileType = sourcecode.swift; path = ContactService.swift; sourceTree = "<group>"; };
/* End PBXFileReference section */

/* Begin PBXFrameworksBuildPhase section */
		6735D0CC2BD8AE04003755A8 /* Frameworks */ = {
			isa = PBXFrameworksBuildPhase;
			buildActionMask = 2147483647;
			files = (
				6735D12D2BD9961D003755A8 /* GoogleSignInSwift in Frameworks */,
				6735D1082BD8B962003755A8 /* FirebaseAuth in Frameworks */,
				67DBB40C2BE028DB002B2D62 /* FirebaseDatabase in Frameworks */,
				6735D12B2BD9961D003755A8 /* GoogleSignIn in Frameworks */,
			);
			runOnlyForDeploymentPostprocessing = 0;
		};
		6735D0DC2BD8AE06003755A8 /* Frameworks */ = {
			isa = PBXFrameworksBuildPhase;
			buildActionMask = 2147483647;
			files = (
			);
			runOnlyForDeploymentPostprocessing = 0;
		};
		6735D0E62BD8AE06003755A8 /* Frameworks */ = {
			isa = PBXFrameworksBuildPhase;
			buildActionMask = 2147483647;
			files = (
			);
			runOnlyForDeploymentPostprocessing = 0;
		};
/* End PBXFrameworksBuildPhase section */

/* Begin PBXGroup section */
		6735D0C62BD8AE04003755A8 = {
			isa = PBXGroup;
			children = (
				6735D0D12BD8AE04003755A8 /* ChatApp_SwiftUI */,
				6735D0E22BD8AE06003755A8 /* ChatApp_SwiftUITests */,
				6735D0EC2BD8AE06003755A8 /* ChatApp_SwiftUIUITests */,
				6735D0D02BD8AE04003755A8 /* Products */,
			);
			sourceTree = "<group>";
		};
		6735D0D02BD8AE04003755A8 /* Products */ = {
			isa = PBXGroup;
			children = (
				6735D0CF2BD8AE04003755A8 /* ChatApp_SwiftUI.app */,
				6735D0DF2BD8AE06003755A8 /* ChatApp_SwiftUITests.xctest */,
				6735D0E92BD8AE06003755A8 /* ChatApp_SwiftUIUITests.xctest */,
			);
			name = Products;
			sourceTree = "<group>";
		};
		6735D0D12BD8AE04003755A8 /* ChatApp_SwiftUI */ = {
			isa = PBXGroup;
			children = (
				67DBB4252BE02DC2002B2D62 /* DTO */,
				67DBB4012BE0271B002B2D62 /* General */,
				6735D1182BD97C40003755A8 /* ChatApp-SwiftUI-Info.plist */,
				67DBB3FF2BE02573002B2D62 /* GoogleService-Info.plist */,
				6735D12E2BD9B5AD003755A8 /* Model */,
				6735D0D22BD8AE04003755A8 /* ChatApp_SwiftUIApp.swift */,
				6735D10B2BD8B9DD003755A8 /* AppDelegate.swift */,
				6735D0FF2BD8AFA5003755A8 /* Extension */,
				6735D1192BD97CD0003755A8 /* Service */,
				67DBB4062BE02848002B2D62 /* Repository */,
				6735D1152BD978E6003755A8 /* Dependency */,
				6735D10F2BD975C5003755A8 /* View */,
				6735D0FC2BD8AE57003755A8 /* Resource */,
				6735D0D42BD8AE04003755A8 /* ContentView.swift */,
				6735D0D82BD8AE06003755A8 /* Preview Content */,
			);
			path = ChatApp_SwiftUI;
			sourceTree = "<group>";
		};
		6735D0D82BD8AE06003755A8 /* Preview Content */ = {
			isa = PBXGroup;
			children = (
				6735D0D92BD8AE06003755A8 /* Preview Assets.xcassets */,
			);
			path = "Preview Content";
			sourceTree = "<group>";
		};
		6735D0E22BD8AE06003755A8 /* ChatApp_SwiftUITests */ = {
			isa = PBXGroup;
			children = (
				6735D0E32BD8AE06003755A8 /* ChatApp_SwiftUITests.swift */,
				672805C32BE19C4900768857 /* UserDBRepositoryTest.swift */,
			);
			path = ChatApp_SwiftUITests;
			sourceTree = "<group>";
		};
		6735D0EC2BD8AE06003755A8 /* ChatApp_SwiftUIUITests */ = {
			isa = PBXGroup;
			children = (
				6735D0ED2BD8AE06003755A8 /* ChatApp_SwiftUIUITests.swift */,
				6735D0EF2BD8AE06003755A8 /* ChatApp_SwiftUIUITestsLaunchTests.swift */,
			);
			path = ChatApp_SwiftUIUITests;
			sourceTree = "<group>";
		};
		6735D0FC2BD8AE57003755A8 /* Resource */ = {
			isa = PBXGroup;
			children = (
				6735D0D62BD8AE06003755A8 /* Assets.xcassets */,
				6735D0FD2BD8AE8D003755A8 /* Colors.xcassets */,
			);
			path = Resource;
			sourceTree = "<group>";
		};
		6735D0FF2BD8AFA5003755A8 /* Extension */ = {
			isa = PBXGroup;
			children = (
			);
			path = Extension;
			sourceTree = "<group>";
		};
		6735D10F2BD975C5003755A8 /* View */ = {
			isa = PBXGroup;
			children = (
				67DBB4172BE02AA6002B2D62 /* Setting */,
				67DBB4102BE02A37002B2D62 /* Profile */,
				6735D1FE2BDB4B6C003755A8 /* Call */,
				6735D1FD2BDB4B60003755A8 /* Message */,
				6735D1FC2BDB4B3D003755A8 /* Home */,
				6735D1202BD9829E003755A8 /* MainTab */,
				6735D11E2BD98263003755A8 /* Login */,
				6735D1102BD975D2003755A8 /* Authentication */,
			);
			path = View;
			sourceTree = "<group>";
		};
		6735D1102BD975D2003755A8 /* Authentication */ = {
			isa = PBXGroup;
			children = (
				6735D1112BD975F9003755A8 /* AuthenticationView.swift */,
				6735D1132BD97619003755A8 /* AuthenticationViewModel.swift */,
			);
			path = Authentication;
			sourceTree = "<group>";
		};
		6735D1152BD978E6003755A8 /* Dependency */ = {
			isa = PBXGroup;
			children = (
				6735D1162BD97907003755A8 /* DiContainer.swift */,
			);
			path = Dependency;
			sourceTree = "<group>";
		};
		6735D1192BD97CD0003755A8 /* Service */ = {
			isa = PBXGroup;
			children = (
				6735D11A2BD97CDF003755A8 /* Services.swift */,
				6735D11C2BD97E91003755A8 /* AuthenticationService.swift */,
				67DBB4042BE02774002B2D62 /* UserService.swift */,
				6735D1312BD9B6AD003755A8 /* ServiceError.swift */,
				67DBB42A2BE0996C002B2D62 /* ContactService.swift */,
			);
			path = Service;
			sourceTree = "<group>";
		};
		6735D11E2BD98263003755A8 /* Login */ = {
			isa = PBXGroup;
			children = (
				6735D1212BD982AF003755A8 /* LoginFirstView.swift */,
				6735D1252BD9874A003755A8 /* ButtonStyle.swift */,
				6735D1272BD9882E003755A8 /* LoginView.swift */,
			);
			path = Login;
			sourceTree = "<group>";
		};
		6735D1202BD9829E003755A8 /* MainTab */ = {
			isa = PBXGroup;
			children = (
				6735D1232BD982BA003755A8 /* MainTabView.swift */,
				6735D1FA2BDB4864003755A8 /* MainTabType.swift */,
			);
			path = MainTab;
			sourceTree = "<group>";
		};
		6735D12E2BD9B5AD003755A8 /* Model */ = {
			isa = PBXGroup;
			children = (
				6735D12F2BD9B5B9003755A8 /* User.swift */,
			);
			path = Model;
			sourceTree = "<group>";
		};
		6735D1FC2BDB4B3D003755A8 /* Home */ = {
			isa = PBXGroup;
			children = (
				6735D1FF2BDB4B7B003755A8 /* HomeViewModel.swift */,
				6735D2012BDB4B9A003755A8 /* HomeView.swift */,
				67DBB41A2BE02B24002B2D62 /* HomeViewDestination.swift */,
			);
			path = Home;
			sourceTree = "<group>";
		};
		6735D1FD2BDB4B60003755A8 /* Message */ = {
			isa = PBXGroup;
			children = (
				6735D2032BDB4BB5003755A8 /* MessageViewModel.swift */,
				6735D2052BDB4BC1003755A8 /* MessageView.swift */,
			);
			path = Message;
			sourceTree = "<group>";
		};
		6735D1FE2BDB4B6C003755A8 /* Call */ = {
			isa = PBXGroup;
			children = (
				6735D2072BDB4BE1003755A8 /* CallView.swift */,
			);
			path = Call;
			sourceTree = "<group>";
		};
		67DBB4012BE0271B002B2D62 /* General */ = {
			isa = PBXGroup;
			children = (
				67DBB41C2BE02BEB002B2D62 /* View */,
				67DBB4022BE02732002B2D62 /* Phase.swift */,
				67DBB4282BE02E06002B2D62 /* Constant.swift */,
			);
			path = General;
			sourceTree = "<group>";
		};
		67DBB4062BE02848002B2D62 /* Repository */ = {
			isa = PBXGroup;
			children = (
				67DBB40D2BE029F2002B2D62 /* Error */,
				67DBB4072BE02879002B2D62 /* UserDBRepository.swift */,
				67DBB4092BE028BC002B2D62 /* DBRepository.swift */,
			);
			path = Repository;
			sourceTree = "<group>";
		};
		67DBB40D2BE029F2002B2D62 /* Error */ = {
			isa = PBXGroup;
			children = (
				67DBB40E2BE02A06002B2D62 /* DBError.swift */,
			);
			path = Error;
			sourceTree = "<group>";
		};
		67DBB4102BE02A37002B2D62 /* Profile */ = {
			isa = PBXGroup;
			children = (
				67DBB4112BE02A3F002B2D62 /* MyProfile */,
				67DBB4122BE02A49002B2D62 /* OtherProfile */,
			);
			path = Profile;
			sourceTree = "<group>";
		};
		67DBB4112BE02A3F002B2D62 /* MyProfile */ = {
			isa = PBXGroup;
			children = (
				67DBB4132BE02A5E002B2D62 /* MyProfileView.swift */,
			);
			path = MyProfile;
			sourceTree = "<group>";
		};
		67DBB4122BE02A49002B2D62 /* OtherProfile */ = {
			isa = PBXGroup;
			children = (
				67DBB4152BE02A89002B2D62 /* OtherProfileView.swift */,
			);
			path = OtherProfile;
			sourceTree = "<group>";
		};
		67DBB4172BE02AA6002B2D62 /* Setting */ = {
			isa = PBXGroup;
			children = (
				67DBB4182BE02AB9002B2D62 /* SettingView.swift */,
			);
			path = Setting;
			sourceTree = "<group>";
		};
		67DBB41C2BE02BEB002B2D62 /* View */ = {
			isa = PBXGroup;
			children = (
				67DBB41D2BE02C04002B2D62 /* PlaceholderView.swift */,
				67DBB41F2BE02C25002B2D62 /* LoadingView.swift */,
				67DBB4212BE02C44002B2D62 /* ErrorView.swift */,
				67DBB4232BE02C60002B2D62 /* SearchButton.swift */,
			);
			path = View;
			sourceTree = "<group>";
		};
		67DBB4252BE02DC2002B2D62 /* DTO */ = {
			isa = PBXGroup;
			children = (
				67DBB4262BE02DD2002B2D62 /* UserObject.swift */,
			);
			path = DTO;
			sourceTree = "<group>";
		};
/* End PBXGroup section */

/* Begin PBXNativeTarget section */
		6735D0CE2BD8AE04003755A8 /* ChatApp_SwiftUI */ = {
			isa = PBXNativeTarget;
			buildConfigurationList = 6735D0F32BD8AE06003755A8 /* Build configuration list for PBXNativeTarget "ChatApp_SwiftUI" */;
			buildPhases = (
				6735D0CB2BD8AE04003755A8 /* Sources */,
				6735D0CC2BD8AE04003755A8 /* Frameworks */,
				6735D0CD2BD8AE04003755A8 /* Resources */,
			);
			buildRules = (
			);
			dependencies = (
			);
			name = ChatApp_SwiftUI;
			packageProductDependencies = (
				6735D1072BD8B962003755A8 /* FirebaseAuth */,
				6735D12A2BD9961D003755A8 /* GoogleSignIn */,
				6735D12C2BD9961D003755A8 /* GoogleSignInSwift */,
				67DBB40B2BE028DB002B2D62 /* FirebaseDatabase */,
			);
			productName = ChatApp_SwiftUI;
			productReference = 6735D0CF2BD8AE04003755A8 /* ChatApp_SwiftUI.app */;
			productType = "com.apple.product-type.application";
		};
		6735D0DE2BD8AE06003755A8 /* ChatApp_SwiftUITests */ = {
			isa = PBXNativeTarget;
			buildConfigurationList = 6735D0F62BD8AE06003755A8 /* Build configuration list for PBXNativeTarget "ChatApp_SwiftUITests" */;
			buildPhases = (
				6735D0DB2BD8AE06003755A8 /* Sources */,
				6735D0DC2BD8AE06003755A8 /* Frameworks */,
				6735D0DD2BD8AE06003755A8 /* Resources */,
			);
			buildRules = (
			);
			dependencies = (
				6735D0E12BD8AE06003755A8 /* PBXTargetDependency */,
			);
			name = ChatApp_SwiftUITests;
			productName = ChatApp_SwiftUITests;
			productReference = 6735D0DF2BD8AE06003755A8 /* ChatApp_SwiftUITests.xctest */;
			productType = "com.apple.product-type.bundle.unit-test";
		};
		6735D0E82BD8AE06003755A8 /* ChatApp_SwiftUIUITests */ = {
			isa = PBXNativeTarget;
			buildConfigurationList = 6735D0F92BD8AE06003755A8 /* Build configuration list for PBXNativeTarget "ChatApp_SwiftUIUITests" */;
			buildPhases = (
				6735D0E52BD8AE06003755A8 /* Sources */,
				6735D0E62BD8AE06003755A8 /* Frameworks */,
				6735D0E72BD8AE06003755A8 /* Resources */,
			);
			buildRules = (
			);
			dependencies = (
				6735D0EB2BD8AE06003755A8 /* PBXTargetDependency */,
			);
			name = ChatApp_SwiftUIUITests;
			productName = ChatApp_SwiftUIUITests;
			productReference = 6735D0E92BD8AE06003755A8 /* ChatApp_SwiftUIUITests.xctest */;
			productType = "com.apple.product-type.bundle.ui-testing";
		};
/* End PBXNativeTarget section */

/* Begin PBXProject section */
		6735D0C72BD8AE04003755A8 /* Project object */ = {
			isa = PBXProject;
			attributes = {
				BuildIndependentTargetsInParallel = 1;
				LastSwiftUpdateCheck = 1520;
				LastUpgradeCheck = 1520;
				TargetAttributes = {
					6735D0CE2BD8AE04003755A8 = {
						CreatedOnToolsVersion = 15.2;
					};
					6735D0DE2BD8AE06003755A8 = {
						CreatedOnToolsVersion = 15.2;
						TestTargetID = 6735D0CE2BD8AE04003755A8;
					};
					6735D0E82BD8AE06003755A8 = {
						CreatedOnToolsVersion = 15.2;
						TestTargetID = 6735D0CE2BD8AE04003755A8;
					};
				};
			};
			buildConfigurationList = 6735D0CA2BD8AE04003755A8 /* Build configuration list for PBXProject "ChatApp_SwiftUI" */;
			compatibilityVersion = "Xcode 14.0";
			developmentRegion = en;
			hasScannedForEncodings = 0;
			knownRegions = (
				en,
				Base,
			);
			mainGroup = 6735D0C62BD8AE04003755A8;
			packageReferences = (
				6735D1062BD8B962003755A8 /* XCRemoteSwiftPackageReference "firebase-ios-sdk" */,
				6735D1292BD9961D003755A8 /* XCRemoteSwiftPackageReference "GoogleSignIn-iOS" */,
			);
			productRefGroup = 6735D0D02BD8AE04003755A8 /* Products */;
			projectDirPath = "";
			projectRoot = "";
			targets = (
				6735D0CE2BD8AE04003755A8 /* ChatApp_SwiftUI */,
				6735D0DE2BD8AE06003755A8 /* ChatApp_SwiftUITests */,
				6735D0E82BD8AE06003755A8 /* ChatApp_SwiftUIUITests */,
			);
		};
/* End PBXProject section */

/* Begin PBXResourcesBuildPhase section */
		6735D0CD2BD8AE04003755A8 /* Resources */ = {
			isa = PBXResourcesBuildPhase;
			buildActionMask = 2147483647;
			files = (
				6735D0FE2BD8AE8D003755A8 /* Colors.xcassets in Resources */,
				67DBB4002BE02573002B2D62 /* GoogleService-Info.plist in Resources */,
				6735D0DA2BD8AE06003755A8 /* Preview Assets.xcassets in Resources */,
				6735D0D72BD8AE06003755A8 /* Assets.xcassets in Resources */,
			);
			runOnlyForDeploymentPostprocessing = 0;
		};
		6735D0DD2BD8AE06003755A8 /* Resources */ = {
			isa = PBXResourcesBuildPhase;
			buildActionMask = 2147483647;
			files = (
			);
			runOnlyForDeploymentPostprocessing = 0;
		};
		6735D0E72BD8AE06003755A8 /* Resources */ = {
			isa = PBXResourcesBuildPhase;
			buildActionMask = 2147483647;
			files = (
			);
			runOnlyForDeploymentPostprocessing = 0;
		};
/* End PBXResourcesBuildPhase section */

/* Begin PBXSourcesBuildPhase section */
		6735D0CB2BD8AE04003755A8 /* Sources */ = {
			isa = PBXSourcesBuildPhase;
			buildActionMask = 2147483647;
			files = (
				6735D1302BD9B5B9003755A8 /* User.swift in Sources */,
				6735D1172BD97907003755A8 /* DiContainer.swift in Sources */,
				67DBB4032BE02732002B2D62 /* Phase.swift in Sources */,
				67DBB40A2BE028BC002B2D62 /* DBRepository.swift in Sources */,
				6735D11B2BD97CDF003755A8 /* Services.swift in Sources */,
				6735D1122BD975F9003755A8 /* AuthenticationView.swift in Sources */,
				6735D1222BD982AF003755A8 /* LoginFirstView.swift in Sources */,
				67DBB4292BE02E06002B2D62 /* Constant.swift in Sources */,
				67DBB4052BE02774002B2D62 /* UserService.swift in Sources */,
				67DBB41E2BE02C04002B2D62 /* PlaceholderView.swift in Sources */,
				6735D2022BDB4B9A003755A8 /* HomeView.swift in Sources */,
				6735D1142BD97619003755A8 /* AuthenticationViewModel.swift in Sources */,
				67DBB4272BE02DD2002B2D62 /* UserObject.swift in Sources */,
				67DBB40F2BE02A06002B2D62 /* DBError.swift in Sources */,
				67DBB4142BE02A5E002B2D62 /* MyProfileView.swift in Sources */,
				6735D10C2BD8B9DD003755A8 /* AppDelegate.swift in Sources */,
				6735D2082BDB4BE1003755A8 /* CallView.swift in Sources */,
				67DBB4222BE02C44002B2D62 /* ErrorView.swift in Sources */,
				6735D1282BD9882E003755A8 /* LoginView.swift in Sources */,
				6735D1FB2BDB4864003755A8 /* MainTabType.swift in Sources */,
				67DBB42B2BE0996C002B2D62 /* ContactService.swift in Sources */,
				6735D2042BDB4BB5003755A8 /* MessageViewModel.swift in Sources */,
				67DBB4192BE02AB9002B2D62 /* SettingView.swift in Sources */,
				67DBB4162BE02A89002B2D62 /* OtherProfileView.swift in Sources */,
				6735D2062BDB4BC1003755A8 /* MessageView.swift in Sources */,
				6735D0D52BD8AE04003755A8 /* ContentView.swift in Sources */,
				6735D0D32BD8AE04003755A8 /* ChatApp_SwiftUIApp.swift in Sources */,
				6735D11D2BD97E91003755A8 /* AuthenticationService.swift in Sources */,
				6735D1262BD9874A003755A8 /* ButtonStyle.swift in Sources */,
				67DBB4082BE02879002B2D62 /* UserDBRepository.swift in Sources */,
				67DBB41B2BE02B24002B2D62 /* HomeViewDestination.swift in Sources */,
				6735D1322BD9B6AD003755A8 /* ServiceError.swift in Sources */,
				67DBB4242BE02C60002B2D62 /* SearchButton.swift in Sources */,
				6735D2002BDB4B7B003755A8 /* HomeViewModel.swift in Sources */,
				67DBB4202BE02C25002B2D62 /* LoadingView.swift in Sources */,
				6735D1242BD982BA003755A8 /* MainTabView.swift in Sources */,
			);
			runOnlyForDeploymentPostprocessing = 0;
		};
		6735D0DB2BD8AE06003755A8 /* Sources */ = {
			isa = PBXSourcesBuildPhase;
			buildActionMask = 2147483647;
			files = (
				672805C42BE19C4900768857 /* UserDBRepositoryTest.swift in Sources */,
				6735D0E42BD8AE06003755A8 /* ChatApp_SwiftUITests.swift in Sources */,
			);
			runOnlyForDeploymentPostprocessing = 0;
		};
		6735D0E52BD8AE06003755A8 /* Sources */ = {
			isa = PBXSourcesBuildPhase;
			buildActionMask = 2147483647;
			files = (
				6735D0F02BD8AE06003755A8 /* ChatApp_SwiftUIUITestsLaunchTests.swift in Sources */,
				6735D0EE2BD8AE06003755A8 /* ChatApp_SwiftUIUITests.swift in Sources */,
			);
			runOnlyForDeploymentPostprocessing = 0;
		};
/* End PBXSourcesBuildPhase section */

/* Begin PBXTargetDependency section */
		6735D0E12BD8AE06003755A8 /* PBXTargetDependency */ = {
			isa = PBXTargetDependency;
			target = 6735D0CE2BD8AE04003755A8 /* ChatApp_SwiftUI */;
			targetProxy = 6735D0E02BD8AE06003755A8 /* PBXContainerItemProxy */;
		};
		6735D0EB2BD8AE06003755A8 /* PBXTargetDependency */ = {
			isa = PBXTargetDependency;
			target = 6735D0CE2BD8AE04003755A8 /* ChatApp_SwiftUI */;
			targetProxy = 6735D0EA2BD8AE06003755A8 /* PBXContainerItemProxy */;
		};
/* End PBXTargetDependency section */

/* Begin XCBuildConfiguration section */
		6735D0F12BD8AE06003755A8 /* Debug */ = {
			isa = XCBuildConfiguration;
			buildSettings = {
				ALWAYS_SEARCH_USER_PATHS = NO;
				ASSETCATALOG_COMPILER_GENERATE_SWIFT_ASSET_SYMBOL_EXTENSIONS = YES;
				CLANG_ANALYZER_NONNULL = YES;
				CLANG_ANALYZER_NUMBER_OBJECT_CONVERSION = YES_AGGRESSIVE;
				CLANG_CXX_LANGUAGE_STANDARD = "gnu++20";
				CLANG_ENABLE_MODULES = YES;
				CLANG_ENABLE_OBJC_ARC = YES;
				CLANG_ENABLE_OBJC_WEAK = YES;
				CLANG_WARN_BLOCK_CAPTURE_AUTORELEASING = YES;
				CLANG_WARN_BOOL_CONVERSION = YES;
				CLANG_WARN_COMMA = YES;
				CLANG_WARN_CONSTANT_CONVERSION = YES;
				CLANG_WARN_DEPRECATED_OBJC_IMPLEMENTATIONS = YES;
				CLANG_WARN_DIRECT_OBJC_ISA_USAGE = YES_ERROR;
				CLANG_WARN_DOCUMENTATION_COMMENTS = YES;
				CLANG_WARN_EMPTY_BODY = YES;
				CLANG_WARN_ENUM_CONVERSION = YES;
				CLANG_WARN_INFINITE_RECURSION = YES;
				CLANG_WARN_INT_CONVERSION = YES;
				CLANG_WARN_NON_LITERAL_NULL_CONVERSION = YES;
				CLANG_WARN_OBJC_IMPLICIT_RETAIN_SELF = YES;
				CLANG_WARN_OBJC_LITERAL_CONVERSION = YES;
				CLANG_WARN_OBJC_ROOT_CLASS = YES_ERROR;
				CLANG_WARN_QUOTED_INCLUDE_IN_FRAMEWORK_HEADER = YES;
				CLANG_WARN_RANGE_LOOP_ANALYSIS = YES;
				CLANG_WARN_STRICT_PROTOTYPES = YES;
				CLANG_WARN_SUSPICIOUS_MOVE = YES;
				CLANG_WARN_UNGUARDED_AVAILABILITY = YES_AGGRESSIVE;
				CLANG_WARN_UNREACHABLE_CODE = YES;
				CLANG_WARN__DUPLICATE_METHOD_MATCH = YES;
				COPY_PHASE_STRIP = NO;
				DEBUG_INFORMATION_FORMAT = dwarf;
				ENABLE_STRICT_OBJC_MSGSEND = YES;
				ENABLE_TESTABILITY = YES;
				ENABLE_USER_SCRIPT_SANDBOXING = YES;
				GCC_C_LANGUAGE_STANDARD = gnu17;
				GCC_DYNAMIC_NO_PIC = NO;
				GCC_NO_COMMON_BLOCKS = YES;
				GCC_OPTIMIZATION_LEVEL = 0;
				GCC_PREPROCESSOR_DEFINITIONS = (
					"DEBUG=1",
					"$(inherited)",
				);
				GCC_WARN_64_TO_32_BIT_CONVERSION = YES;
				GCC_WARN_ABOUT_RETURN_TYPE = YES_ERROR;
				GCC_WARN_UNDECLARED_SELECTOR = YES;
				GCC_WARN_UNINITIALIZED_AUTOS = YES_AGGRESSIVE;
				GCC_WARN_UNUSED_FUNCTION = YES;
				GCC_WARN_UNUSED_VARIABLE = YES;
				IPHONEOS_DEPLOYMENT_TARGET = 16.0;
				LOCALIZATION_PREFERS_STRING_CATALOGS = YES;
				MTL_ENABLE_DEBUG_INFO = INCLUDE_SOURCE;
				MTL_FAST_MATH = YES;
				ONLY_ACTIVE_ARCH = YES;
				SDKROOT = iphoneos;
				SWIFT_ACTIVE_COMPILATION_CONDITIONS = "DEBUG $(inherited)";
				SWIFT_OPTIMIZATION_LEVEL = "-Onone";
			};
			name = Debug;
		};
		6735D0F22BD8AE06003755A8 /* Release */ = {
			isa = XCBuildConfiguration;
			buildSettings = {
				ALWAYS_SEARCH_USER_PATHS = NO;
				ASSETCATALOG_COMPILER_GENERATE_SWIFT_ASSET_SYMBOL_EXTENSIONS = YES;
				CLANG_ANALYZER_NONNULL = YES;
				CLANG_ANALYZER_NUMBER_OBJECT_CONVERSION = YES_AGGRESSIVE;
				CLANG_CXX_LANGUAGE_STANDARD = "gnu++20";
				CLANG_ENABLE_MODULES = YES;
				CLANG_ENABLE_OBJC_ARC = YES;
				CLANG_ENABLE_OBJC_WEAK = YES;
				CLANG_WARN_BLOCK_CAPTURE_AUTORELEASING = YES;
				CLANG_WARN_BOOL_CONVERSION = YES;
				CLANG_WARN_COMMA = YES;
				CLANG_WARN_CONSTANT_CONVERSION = YES;
				CLANG_WARN_DEPRECATED_OBJC_IMPLEMENTATIONS = YES;
				CLANG_WARN_DIRECT_OBJC_ISA_USAGE = YES_ERROR;
				CLANG_WARN_DOCUMENTATION_COMMENTS = YES;
				CLANG_WARN_EMPTY_BODY = YES;
				CLANG_WARN_ENUM_CONVERSION = YES;
				CLANG_WARN_INFINITE_RECURSION = YES;
				CLANG_WARN_INT_CONVERSION = YES;
				CLANG_WARN_NON_LITERAL_NULL_CONVERSION = YES;
				CLANG_WARN_OBJC_IMPLICIT_RETAIN_SELF = YES;
				CLANG_WARN_OBJC_LITERAL_CONVERSION = YES;
				CLANG_WARN_OBJC_ROOT_CLASS = YES_ERROR;
				CLANG_WARN_QUOTED_INCLUDE_IN_FRAMEWORK_HEADER = YES;
				CLANG_WARN_RANGE_LOOP_ANALYSIS = YES;
				CLANG_WARN_STRICT_PROTOTYPES = YES;
				CLANG_WARN_SUSPICIOUS_MOVE = YES;
				CLANG_WARN_UNGUARDED_AVAILABILITY = YES_AGGRESSIVE;
				CLANG_WARN_UNREACHABLE_CODE = YES;
				CLANG_WARN__DUPLICATE_METHOD_MATCH = YES;
				COPY_PHASE_STRIP = NO;
				DEBUG_INFORMATION_FORMAT = "dwarf-with-dsym";
				ENABLE_NS_ASSERTIONS = NO;
				ENABLE_STRICT_OBJC_MSGSEND = YES;
				ENABLE_USER_SCRIPT_SANDBOXING = YES;
				GCC_C_LANGUAGE_STANDARD = gnu17;
				GCC_NO_COMMON_BLOCKS = YES;
				GCC_WARN_64_TO_32_BIT_CONVERSION = YES;
				GCC_WARN_ABOUT_RETURN_TYPE = YES_ERROR;
				GCC_WARN_UNDECLARED_SELECTOR = YES;
				GCC_WARN_UNINITIALIZED_AUTOS = YES_AGGRESSIVE;
				GCC_WARN_UNUSED_FUNCTION = YES;
				GCC_WARN_UNUSED_VARIABLE = YES;
				IPHONEOS_DEPLOYMENT_TARGET = 16.0;
				LOCALIZATION_PREFERS_STRING_CATALOGS = YES;
				MTL_ENABLE_DEBUG_INFO = NO;
				MTL_FAST_MATH = YES;
				SDKROOT = iphoneos;
				SWIFT_COMPILATION_MODE = wholemodule;
				VALIDATE_PRODUCT = YES;
			};
			name = Release;
		};
		6735D0F42BD8AE06003755A8 /* Debug */ = {
			isa = XCBuildConfiguration;
			buildSettings = {
				ASSETCATALOG_COMPILER_APPICON_NAME = AppIcon;
				ASSETCATALOG_COMPILER_GLOBAL_ACCENT_COLOR_NAME = AccentColor;
				CODE_SIGN_STYLE = Automatic;
				CURRENT_PROJECT_VERSION = 1;
				DEVELOPMENT_ASSET_PATHS = "\"ChatApp_SwiftUI/Preview Content\"";
				DEVELOPMENT_TEAM = 8G9QJBS8AT;
				ENABLE_PREVIEWS = YES;
				GENERATE_INFOPLIST_FILE = YES;
				INFOPLIST_FILE = "ChatApp-SwiftUI-Info.plist";
				INFOPLIST_KEY_NSContactsUsageDescription = "Get your friends list.";
				INFOPLIST_KEY_UIApplicationSceneManifest_Generation = YES;
				INFOPLIST_KEY_UIApplicationSupportsIndirectInputEvents = YES;
				INFOPLIST_KEY_UILaunchScreen_Generation = YES;
				INFOPLIST_KEY_UISupportedInterfaceOrientations = UIInterfaceOrientationPortrait;
				IPHONEOS_DEPLOYMENT_TARGET = 16.0;
				LD_RUNPATH_SEARCH_PATHS = (
					"$(inherited)",
					"@executable_path/Frameworks",
				);
				MARKETING_VERSION = 1.0;
				PRODUCT_BUNDLE_IDENTIFIER = "jooeunKim.ChatApp-SwiftUI";
				PRODUCT_NAME = "$(TARGET_NAME)";
				SWIFT_EMIT_LOC_STRINGS = YES;
				SWIFT_VERSION = 5.0;
				TARGETED_DEVICE_FAMILY = "1,2";
			};
			name = Debug;
		};
		6735D0F52BD8AE06003755A8 /* Release */ = {
			isa = XCBuildConfiguration;
			buildSettings = {
				ASSETCATALOG_COMPILER_APPICON_NAME = AppIcon;
				ASSETCATALOG_COMPILER_GLOBAL_ACCENT_COLOR_NAME = AccentColor;
				CODE_SIGN_STYLE = Automatic;
				CURRENT_PROJECT_VERSION = 1;
				DEVELOPMENT_ASSET_PATHS = "\"ChatApp_SwiftUI/Preview Content\"";
				DEVELOPMENT_TEAM = 8G9QJBS8AT;
				ENABLE_PREVIEWS = YES;
				GENERATE_INFOPLIST_FILE = YES;
				INFOPLIST_FILE = "ChatApp-SwiftUI-Info.plist";
				INFOPLIST_KEY_NSContactsUsageDescription = "Get your friends list.";
				INFOPLIST_KEY_UIApplicationSceneManifest_Generation = YES;
				INFOPLIST_KEY_UIApplicationSupportsIndirectInputEvents = YES;
				INFOPLIST_KEY_UILaunchScreen_Generation = YES;
				INFOPLIST_KEY_UISupportedInterfaceOrientations = UIInterfaceOrientationPortrait;
				IPHONEOS_DEPLOYMENT_TARGET = 16.0;
				LD_RUNPATH_SEARCH_PATHS = (
					"$(inherited)",
					"@executable_path/Frameworks",
				);
				MARKETING_VERSION = 1.0;
				PRODUCT_BUNDLE_IDENTIFIER = "jooeunKim.ChatApp-SwiftUI";
				PRODUCT_NAME = "$(TARGET_NAME)";
				SWIFT_EMIT_LOC_STRINGS = YES;
				SWIFT_VERSION = 5.0;
				TARGETED_DEVICE_FAMILY = "1,2";
			};
			name = Release;
		};
		6735D0F72BD8AE06003755A8 /* Debug */ = {
			isa = XCBuildConfiguration;
			buildSettings = {
				ALWAYS_EMBED_SWIFT_STANDARD_LIBRARIES = YES;
				BUNDLE_LOADER = "$(TEST_HOST)";
				CODE_SIGN_STYLE = Automatic;
				CURRENT_PROJECT_VERSION = 1;
				DEVELOPMENT_TEAM = 8G9QJBS8AT;
				GENERATE_INFOPLIST_FILE = YES;
				IPHONEOS_DEPLOYMENT_TARGET = 17.2;
				MARKETING_VERSION = 1.0;
				PRODUCT_BUNDLE_IDENTIFIER = "jooeunKim.ChatApp-SwiftUITests";
				PRODUCT_NAME = "$(TARGET_NAME)";
				SWIFT_EMIT_LOC_STRINGS = NO;
				SWIFT_VERSION = 5.0;
				TARGETED_DEVICE_FAMILY = "1,2";
				TEST_HOST = "$(BUILT_PRODUCTS_DIR)/ChatApp_SwiftUI.app/$(BUNDLE_EXECUTABLE_FOLDER_PATH)/ChatApp_SwiftUI";
			};
			name = Debug;
		};
		6735D0F82BD8AE06003755A8 /* Release */ = {
			isa = XCBuildConfiguration;
			buildSettings = {
				ALWAYS_EMBED_SWIFT_STANDARD_LIBRARIES = YES;
				BUNDLE_LOADER = "$(TEST_HOST)";
				CODE_SIGN_STYLE = Automatic;
				CURRENT_PROJECT_VERSION = 1;
				DEVELOPMENT_TEAM = 8G9QJBS8AT;
				GENERATE_INFOPLIST_FILE = YES;
				IPHONEOS_DEPLOYMENT_TARGET = 17.2;
				MARKETING_VERSION = 1.0;
				PRODUCT_BUNDLE_IDENTIFIER = "jooeunKim.ChatApp-SwiftUITests";
				PRODUCT_NAME = "$(TARGET_NAME)";
				SWIFT_EMIT_LOC_STRINGS = NO;
				SWIFT_VERSION = 5.0;
				TARGETED_DEVICE_FAMILY = "1,2";
				TEST_HOST = "$(BUILT_PRODUCTS_DIR)/ChatApp_SwiftUI.app/$(BUNDLE_EXECUTABLE_FOLDER_PATH)/ChatApp_SwiftUI";
			};
			name = Release;
		};
		6735D0FA2BD8AE06003755A8 /* Debug */ = {
			isa = XCBuildConfiguration;
			buildSettings = {
				ALWAYS_EMBED_SWIFT_STANDARD_LIBRARIES = YES;
				CODE_SIGN_STYLE = Automatic;
				CURRENT_PROJECT_VERSION = 1;
				DEVELOPMENT_TEAM = 8G9QJBS8AT;
				GENERATE_INFOPLIST_FILE = YES;
				MARKETING_VERSION = 1.0;
				PRODUCT_BUNDLE_IDENTIFIER = "jooeunKim.ChatApp-SwiftUIUITests";
				PRODUCT_NAME = "$(TARGET_NAME)";
				SWIFT_EMIT_LOC_STRINGS = NO;
				SWIFT_VERSION = 5.0;
				TARGETED_DEVICE_FAMILY = "1,2";
				TEST_TARGET_NAME = ChatApp_SwiftUI;
			};
			name = Debug;
		};
		6735D0FB2BD8AE06003755A8 /* Release */ = {
			isa = XCBuildConfiguration;
			buildSettings = {
				ALWAYS_EMBED_SWIFT_STANDARD_LIBRARIES = YES;
				CODE_SIGN_STYLE = Automatic;
				CURRENT_PROJECT_VERSION = 1;
				DEVELOPMENT_TEAM = 8G9QJBS8AT;
				GENERATE_INFOPLIST_FILE = YES;
				MARKETING_VERSION = 1.0;
				PRODUCT_BUNDLE_IDENTIFIER = "jooeunKim.ChatApp-SwiftUIUITests";
				PRODUCT_NAME = "$(TARGET_NAME)";
				SWIFT_EMIT_LOC_STRINGS = NO;
				SWIFT_VERSION = 5.0;
				TARGETED_DEVICE_FAMILY = "1,2";
				TEST_TARGET_NAME = ChatApp_SwiftUI;
			};
			name = Release;
		};
/* End XCBuildConfiguration section */

/* Begin XCConfigurationList section */
		6735D0CA2BD8AE04003755A8 /* Build configuration list for PBXProject "ChatApp_SwiftUI" */ = {
			isa = XCConfigurationList;
			buildConfigurations = (
				6735D0F12BD8AE06003755A8 /* Debug */,
				6735D0F22BD8AE06003755A8 /* Release */,
			);
			defaultConfigurationIsVisible = 0;
			defaultConfigurationName = Release;
		};
		6735D0F32BD8AE06003755A8 /* Build configuration list for PBXNativeTarget "ChatApp_SwiftUI" */ = {
			isa = XCConfigurationList;
			buildConfigurations = (
				6735D0F42BD8AE06003755A8 /* Debug */,
				6735D0F52BD8AE06003755A8 /* Release */,
			);
			defaultConfigurationIsVisible = 0;
			defaultConfigurationName = Release;
		};
		6735D0F62BD8AE06003755A8 /* Build configuration list for PBXNativeTarget "ChatApp_SwiftUITests" */ = {
			isa = XCConfigurationList;
			buildConfigurations = (
				6735D0F72BD8AE06003755A8 /* Debug */,
				6735D0F82BD8AE06003755A8 /* Release */,
			);
			defaultConfigurationIsVisible = 0;
			defaultConfigurationName = Release;
		};
		6735D0F92BD8AE06003755A8 /* Build configuration list for PBXNativeTarget "ChatApp_SwiftUIUITests" */ = {
			isa = XCConfigurationList;
			buildConfigurations = (
				6735D0FA2BD8AE06003755A8 /* Debug */,
				6735D0FB2BD8AE06003755A8 /* Release */,
			);
			defaultConfigurationIsVisible = 0;
			defaultConfigurationName = Release;
		};
/* End XCConfigurationList section */

/* Begin XCRemoteSwiftPackageReference section */
		6735D1062BD8B962003755A8 /* XCRemoteSwiftPackageReference "firebase-ios-sdk" */ = {
			isa = XCRemoteSwiftPackageReference;
			repositoryURL = "https://github.com/firebase/firebase-ios-sdk";
			requirement = {
				kind = upToNextMajorVersion;
				minimumVersion = 10.24.0;
			};
		};
		6735D1292BD9961D003755A8 /* XCRemoteSwiftPackageReference "GoogleSignIn-iOS" */ = {
			isa = XCRemoteSwiftPackageReference;
			repositoryURL = "https://github.com/google/GoogleSignIn-iOS";
			requirement = {
				kind = upToNextMajorVersion;
				minimumVersion = 7.1.0;
			};
		};
/* End XCRemoteSwiftPackageReference section */

/* Begin XCSwiftPackageProductDependency section */
		6735D1072BD8B962003755A8 /* FirebaseAuth */ = {
			isa = XCSwiftPackageProductDependency;
			package = 6735D1062BD8B962003755A8 /* XCRemoteSwiftPackageReference "firebase-ios-sdk" */;
			productName = FirebaseAuth;
		};
		6735D12A2BD9961D003755A8 /* GoogleSignIn */ = {
			isa = XCSwiftPackageProductDependency;
			package = 6735D1292BD9961D003755A8 /* XCRemoteSwiftPackageReference "GoogleSignIn-iOS" */;
			productName = GoogleSignIn;
		};
		6735D12C2BD9961D003755A8 /* GoogleSignInSwift */ = {
			isa = XCSwiftPackageProductDependency;
			package = 6735D1292BD9961D003755A8 /* XCRemoteSwiftPackageReference "GoogleSignIn-iOS" */;
			productName = GoogleSignInSwift;
		};
		67DBB40B2BE028DB002B2D62 /* FirebaseDatabase */ = {
			isa = XCSwiftPackageProductDependency;
			package = 6735D1062BD8B962003755A8 /* XCRemoteSwiftPackageReference "firebase-ios-sdk" */;
			productName = FirebaseDatabase;
		};
/* End XCSwiftPackageProductDependency section */
	};
	rootObject = 6735D0C72BD8AE04003755A8 /* Project object */;
}
